{
  "version": 4,
  "terraform_version": "1.4.5",
  "serial": 35,
  "lineage": "9fd4860f-11f2-ba42-4705-d33fc6b3fad5",
  "outputs": {},
  "resources": [
    {
      "mode": "data",
      "type": "yandex_compute_image",
      "name": "ubuntu",
      "provider": "provider[\"registry.terraform.io/yandex-cloud/yandex\"]",
      "instances": [
        {
          "schema_version": 0,
          "attributes": {
            "created_at": "2023-07-10T10:52:32Z",
            "description": "ubuntu 20.04 lts",
            "family": "ubuntu-2004-lts",
            "folder_id": "standard-images",
            "id": "fd85f37uh98ldl1omk30",
            "image_id": "fd85f37uh98ldl1omk30",
            "labels": {},
            "min_disk_size": 5,
            "name": "ubuntu-20-04-lts-v20230710",
            "os_type": "linux",
            "pooled": true,
            "product_ids": [
              "f2ef6jide8f1cj8dcbun"
            ],
            "size": 4,
            "status": "ready"
          },
          "sensitive_attributes": []
        }
      ]
    },
    {
      "mode": "managed",
      "type": "local_file",
      "name": "hosts",
      "provider": "provider[\"registry.terraform.io/hashicorp/local\"]",
      "instances": [
        {
          "schema_version": 0,
          "attributes": {
            "content": "[webservers]\n\nweb-1   ansible_host=158.160.108.22\nweb-2   ansible_host=158.160.113.178\n[databases]\n\nmain   ansible_host=158.160.104.59\nreplica   ansible_host=158.160.112.17\n[storage]\n\nstorage   ansible_host=158.160.109.145",
            "content_base64": null,
            "content_base64sha256": "SK2CEqFqsFBKmWXaEwafyWPVutxb6Oq2p+YLqEiH0yo=",
            "content_base64sha512": "ZKxOMSud7y7k1111Xfb5DE2MxgsHb6xyHOjevxDCTwpSiagcLthkt03HCZ5dKPcMrVDlbKV1BxG5xFl9nciOoQ==",
            "content_md5": "20921aa1fb253eac695ef78864324b07",
            "content_sha1": "0a3e88baea2252e386c30007b146af1f5adfb589",
            "content_sha256": "48ad8212a16ab0504a9965da13069fc963d5badc5be8eab6a7e60ba84887d32a",
            "content_sha512": "64ac4e312b9def2ee4d75d755df6f90c4d8cc60b076fac721ce8debf10c24f0a5289a81c2ed864b74dc7099e5d28f70cad50e56ca5750711b9c4597d9dc88ea1",
            "directory_permission": "0777",
            "file_permission": "0777",
            "filename": "/home/solovtsov/homework/netology_terraform_hw/03/hosts",
            "id": "0a3e88baea2252e386c30007b146af1f5adfb589",
            "sensitive_content": null,
            "source": null
          },
          "sensitive_attributes": [],
          "dependencies": [
            "data.yandex_compute_image.ubuntu",
            "yandex_compute_disk.disk",
            "yandex_compute_instance.storage",
            "yandex_compute_instance.vm",
            "yandex_compute_instance.web",
            "yandex_vpc_network.develop",
            "yandex_vpc_security_group.example",
            "yandex_vpc_subnet.develop"
          ]
        }
      ]
    },
    {
      "mode": "managed",
      "type": "yandex_compute_disk",
      "name": "disk",
      "provider": "provider[\"registry.terraform.io/yandex-cloud/yandex\"]",
      "instances": [
        {
          "index_key": 0,
          "schema_version": 0,
          "attributes": {
            "allow_recreate": null,
            "block_size": 4096,
            "created_at": "2023-07-23T12:13:58Z",
            "description": "",
            "disk_placement_policy": [
              {
                "disk_placement_group_id": ""
              }
            ],
            "folder_id": "b1g2darebgnvgp0sab8t",
            "id": "fhm4v3dbmsbute0re2lc",
            "image_id": "",
            "labels": {},
            "name": "disk-1",
            "product_ids": [],
            "size": 1,
            "snapshot_id": "",
            "status": "ready",
            "timeouts": null,
            "type": "network-hdd",
            "zone": "ru-central1-a"
          },
          "sensitive_attributes": [],
          "private": "eyJlMmJmYjczMC1lY2FhLTExZTYtOGY4OC0zNDM2M2JjN2M0YzAiOnsiY3JlYXRlIjozMDAwMDAwMDAwMDAsImRlbGV0ZSI6MzAwMDAwMDAwMDAwLCJ1cGRhdGUiOjMwMDAwMDAwMDAwMH19"
        },
        {
          "index_key": 1,
          "schema_version": 0,
          "attributes": {
            "allow_recreate": null,
            "block_size": 4096,
            "created_at": "2023-07-23T12:13:58Z",
            "description": "",
            "disk_placement_policy": [
              {
                "disk_placement_group_id": ""
              }
            ],
            "folder_id": "b1g2darebgnvgp0sab8t",
            "id": "fhmg5ns6sqqd4q637a09",
            "image_id": "",
            "labels": {},
            "name": "disk-2",
            "product_ids": [],
            "size": 1,
            "snapshot_id": "",
            "status": "ready",
            "timeouts": null,
            "type": "network-hdd",
            "zone": "ru-central1-a"
          },
          "sensitive_attributes": [],
          "private": "eyJlMmJmYjczMC1lY2FhLTExZTYtOGY4OC0zNDM2M2JjN2M0YzAiOnsiY3JlYXRlIjozMDAwMDAwMDAwMDAsImRlbGV0ZSI6MzAwMDAwMDAwMDAwLCJ1cGRhdGUiOjMwMDAwMDAwMDAwMH19"
        },
        {
          "index_key": 2,
          "schema_version": 0,
          "attributes": {
            "allow_recreate": null,
            "block_size": 4096,
            "created_at": "2023-07-23T12:13:58Z",
            "description": "",
            "disk_placement_policy": [
              {
                "disk_placement_group_id": ""
              }
            ],
            "folder_id": "b1g2darebgnvgp0sab8t",
            "id": "fhmjtdnqiplsusvn7g1a",
            "image_id": "",
            "labels": {},
            "name": "disk-3",
            "product_ids": [],
            "size": 1,
            "snapshot_id": "",
            "status": "ready",
            "timeouts": null,
            "type": "network-hdd",
            "zone": "ru-central1-a"
          },
          "sensitive_attributes": [],
          "private": "eyJlMmJmYjczMC1lY2FhLTExZTYtOGY4OC0zNDM2M2JjN2M0YzAiOnsiY3JlYXRlIjozMDAwMDAwMDAwMDAsImRlbGV0ZSI6MzAwMDAwMDAwMDAwLCJ1cGRhdGUiOjMwMDAwMDAwMDAwMH19"
        }
      ]
    },
    {
      "mode": "managed",
      "type": "yandex_compute_instance",
      "name": "storage",
      "provider": "provider[\"registry.terraform.io/yandex-cloud/yandex\"]",
      "instances": [
        {
          "schema_version": 1,
          "attributes": {
            "allow_recreate": null,
            "allow_stopping_for_update": null,
            "boot_disk": [
              {
                "auto_delete": true,
                "device_name": "fhmqkt6i0g8bp0r2osei",
                "disk_id": "fhmqkt6i0g8bp0r2osei",
                "initialize_params": [
                  {
                    "block_size": 4096,
                    "description": "",
                    "image_id": "fd85f37uh98ldl1omk30",
                    "name": "",
                    "size": 5,
                    "snapshot_id": "",
                    "type": "network-hdd"
                  }
                ],
                "mode": "READ_WRITE"
              }
            ],
            "created_at": "2023-07-23T12:14:08Z",
            "description": "",
            "filesystem": [],
            "folder_id": "b1g2darebgnvgp0sab8t",
            "fqdn": "fhmuqi1688ht897e4mj3.auto.internal",
            "gpu_cluster_id": "",
            "hostname": "",
            "id": "fhmuqi1688ht897e4mj3",
            "labels": {},
            "local_disk": [],
            "metadata": {
              "serial-port-enable": "1",
              "ssh-keys": "ubuntu:ssh-rsa AAAAB3NzaC1yc2EAAAADAQABAAABgQDLWkDITleIiS0rcDmnWrpwWJNzb6VTb1OxetLMBREAkz3pKq8sbSB57yFIrcyDXqRF2bDgggS0Lh85YdW76IQgdSdb6Y4NbYCTxaNmzUGE9JCUqj7mt1vdeIjHd2xO+X5460fW9NSqeD8fPOpCbC+r3gPDW1M2Ekdyy/SxoeoFmaqQOInWJthgwaE4M53xVs2XVXaF6SheX+f5A9e43WPMlsuLxQ6CBc+1Up1Z7frwpAPpDfOjc7VmwfuHSWkPMpHMHEET1lvAavc2yXvk5afG70eEEQwdP6ffJ+J71TSqFKxdhWEk+JWujlxE133MTekW3kOw7UbA/mAZDBBbrEfRMVX+NLdZabiMTo8HIj7km5gICueDpbQhozHCco3Uo2cUOh69SVMGbRR9rumMr71Zi/PhcJNcBJ1XpERejyL03ObUW+toxUVdqqYjBWp6Se3o7G1eYRV3CwqEYCIAVdr4AJn61RidK9efiLXqRtPQY0tgeA6e5t0mvdqFTam6nXs= solovtsov@my-server\n"
            },
            "metadata_options": [
              {
                "aws_v1_http_endpoint": 1,
                "aws_v1_http_token": 2,
                "gce_http_endpoint": 1,
                "gce_http_token": 1
              }
            ],
            "name": "storage",
            "network_acceleration_type": "standard",
            "network_interface": [
              {
                "dns_record": [],
                "index": 0,
                "ip_address": "10.0.1.6",
                "ipv4": true,
                "ipv6": false,
                "ipv6_address": "",
                "ipv6_dns_record": [],
                "mac_address": "d0:0d:1e:d4:82:64",
                "nat": true,
                "nat_dns_record": [],
                "nat_ip_address": "158.160.109.145",
                "nat_ip_version": "IPV4",
                "security_group_ids": [],
                "subnet_id": "e9bgbdqdb4cd84k40ph5"
              }
            ],
            "placement_policy": [
              {
                "host_affinity_rules": [],
                "placement_group_id": ""
              }
            ],
            "platform_id": "standard-v3",
            "resources": [
              {
                "core_fraction": 20,
                "cores": 2,
                "gpus": 0,
                "memory": 1
              }
            ],
            "scheduling_policy": [
              {
                "preemptible": true
              }
            ],
            "secondary_disk": [
              {
                "auto_delete": false,
                "device_name": "fhm4v3dbmsbute0re2lc",
                "disk_id": "fhm4v3dbmsbute0re2lc",
                "mode": "READ_WRITE"
              },
              {
                "auto_delete": false,
                "device_name": "fhmg5ns6sqqd4q637a09",
                "disk_id": "fhmg5ns6sqqd4q637a09",
                "mode": "READ_WRITE"
              },
              {
                "auto_delete": false,
                "device_name": "fhmjtdnqiplsusvn7g1a",
                "disk_id": "fhmjtdnqiplsusvn7g1a",
                "mode": "READ_WRITE"
              }
            ],
            "service_account_id": "",
            "status": "running",
            "timeouts": null,
            "zone": "ru-central1-a"
          },
          "sensitive_attributes": [],
          "private": "eyJlMmJmYjczMC1lY2FhLTExZTYtOGY4OC0zNDM2M2JjN2M0YzAiOnsiY3JlYXRlIjozMDAwMDAwMDAwMDAsImRlbGV0ZSI6MzAwMDAwMDAwMDAwLCJ1cGRhdGUiOjMwMDAwMDAwMDAwMH0sInNjaGVtYV92ZXJzaW9uIjoiMSJ9",
          "dependencies": [
            "data.yandex_compute_image.ubuntu",
            "yandex_compute_disk.disk",
            "yandex_vpc_network.develop",
            "yandex_vpc_subnet.develop"
          ]
        }
      ]
    },
    {
      "mode": "managed",
      "type": "yandex_compute_instance",
      "name": "vm",
      "provider": "provider[\"registry.terraform.io/yandex-cloud/yandex\"]",
      "instances": [
        {
          "index_key": "main",
          "schema_version": 1,
          "attributes": {
            "allow_recreate": null,
            "allow_stopping_for_update": null,
            "boot_disk": [
              {
                "auto_delete": true,
                "device_name": "fhmtusel8sjkdd1spma9",
                "disk_id": "fhmtusel8sjkdd1spma9",
                "initialize_params": [
                  {
                    "block_size": 4096,
                    "description": "",
                    "image_id": "fd85f37uh98ldl1omk30",
                    "name": "",
                    "size": 10,
                    "snapshot_id": "",
                    "type": "network-hdd"
                  }
                ],
                "mode": "READ_WRITE"
              }
            ],
            "created_at": "2023-07-23T11:50:00Z",
            "description": "",
            "filesystem": [],
            "folder_id": "b1g2darebgnvgp0sab8t",
            "fqdn": "fhmk869fhn1lcm6hevpe.auto.internal",
            "gpu_cluster_id": "",
            "hostname": "",
            "id": "fhmk869fhn1lcm6hevpe",
            "labels": {},
            "local_disk": [],
            "metadata": {
              "serial-port-enable": "1",
              "ssh-keys": "ubuntu:ssh-rsa AAAAB3NzaC1yc2EAAAADAQABAAABgQDLWkDITleIiS0rcDmnWrpwWJNzb6VTb1OxetLMBREAkz3pKq8sbSB57yFIrcyDXqRF2bDgggS0Lh85YdW76IQgdSdb6Y4NbYCTxaNmzUGE9JCUqj7mt1vdeIjHd2xO+X5460fW9NSqeD8fPOpCbC+r3gPDW1M2Ekdyy/SxoeoFmaqQOInWJthgwaE4M53xVs2XVXaF6SheX+f5A9e43WPMlsuLxQ6CBc+1Up1Z7frwpAPpDfOjc7VmwfuHSWkPMpHMHEET1lvAavc2yXvk5afG70eEEQwdP6ffJ+J71TSqFKxdhWEk+JWujlxE133MTekW3kOw7UbA/mAZDBBbrEfRMVX+NLdZabiMTo8HIj7km5gICueDpbQhozHCco3Uo2cUOh69SVMGbRR9rumMr71Zi/PhcJNcBJ1XpERejyL03ObUW+toxUVdqqYjBWp6Se3o7G1eYRV3CwqEYCIAVdr4AJn61RidK9efiLXqRtPQY0tgeA6e5t0mvdqFTam6nXs= solovtsov@my-server\n"
            },
            "metadata_options": [
              {
                "aws_v1_http_endpoint": 1,
                "aws_v1_http_token": 2,
                "gce_http_endpoint": 1,
                "gce_http_token": 1
              }
            ],
            "name": "main",
            "network_acceleration_type": "standard",
            "network_interface": [
              {
                "dns_record": [],
                "index": 0,
                "ip_address": "10.0.1.19",
                "ipv4": true,
                "ipv6": false,
                "ipv6_address": "",
                "ipv6_dns_record": [],
                "mac_address": "d0:0d:14:41:92:f8",
                "nat": true,
                "nat_dns_record": [],
                "nat_ip_address": "158.160.104.59",
                "nat_ip_version": "IPV4",
                "security_group_ids": [],
                "subnet_id": "e9bgbdqdb4cd84k40ph5"
              }
            ],
            "placement_policy": [
              {
                "host_affinity_rules": [],
                "placement_group_id": ""
              }
            ],
            "platform_id": "standard-v3",
            "resources": [
              {
                "core_fraction": 20,
                "cores": 2,
                "gpus": 0,
                "memory": 1
              }
            ],
            "scheduling_policy": [
              {
                "preemptible": true
              }
            ],
            "secondary_disk": [],
            "service_account_id": "",
            "status": "running",
            "timeouts": null,
            "zone": "ru-central1-a"
          },
          "sensitive_attributes": [],
          "private": "eyJlMmJmYjczMC1lY2FhLTExZTYtOGY4OC0zNDM2M2JjN2M0YzAiOnsiY3JlYXRlIjozMDAwMDAwMDAwMDAsImRlbGV0ZSI6MzAwMDAwMDAwMDAwLCJ1cGRhdGUiOjMwMDAwMDAwMDAwMH0sInNjaGVtYV92ZXJzaW9uIjoiMSJ9",
          "dependencies": [
            "data.yandex_compute_image.ubuntu",
            "yandex_compute_instance.web",
            "yandex_vpc_network.develop",
            "yandex_vpc_security_group.example",
            "yandex_vpc_subnet.develop"
          ]
        },
        {
          "index_key": "replica",
          "schema_version": 1,
          "attributes": {
            "allow_recreate": null,
            "allow_stopping_for_update": null,
            "boot_disk": [
              {
                "auto_delete": true,
                "device_name": "fhmlc7rge917qrpuvhbu",
                "disk_id": "fhmlc7rge917qrpuvhbu",
                "initialize_params": [
                  {
                    "block_size": 4096,
                    "description": "",
                    "image_id": "fd85f37uh98ldl1omk30",
                    "name": "",
                    "size": 15,
                    "snapshot_id": "",
                    "type": "network-hdd"
                  }
                ],
                "mode": "READ_WRITE"
              }
            ],
            "created_at": "2023-07-23T11:50:00Z",
            "description": "",
            "filesystem": [],
            "folder_id": "b1g2darebgnvgp0sab8t",
            "fqdn": "fhmbrbs3roiufa1scunf.auto.internal",
            "gpu_cluster_id": "",
            "hostname": "",
            "id": "fhmbrbs3roiufa1scunf",
            "labels": {},
            "local_disk": [],
            "metadata": {
              "serial-port-enable": "1",
              "ssh-keys": "ubuntu:ssh-rsa AAAAB3NzaC1yc2EAAAADAQABAAABgQDLWkDITleIiS0rcDmnWrpwWJNzb6VTb1OxetLMBREAkz3pKq8sbSB57yFIrcyDXqRF2bDgggS0Lh85YdW76IQgdSdb6Y4NbYCTxaNmzUGE9JCUqj7mt1vdeIjHd2xO+X5460fW9NSqeD8fPOpCbC+r3gPDW1M2Ekdyy/SxoeoFmaqQOInWJthgwaE4M53xVs2XVXaF6SheX+f5A9e43WPMlsuLxQ6CBc+1Up1Z7frwpAPpDfOjc7VmwfuHSWkPMpHMHEET1lvAavc2yXvk5afG70eEEQwdP6ffJ+J71TSqFKxdhWEk+JWujlxE133MTekW3kOw7UbA/mAZDBBbrEfRMVX+NLdZabiMTo8HIj7km5gICueDpbQhozHCco3Uo2cUOh69SVMGbRR9rumMr71Zi/PhcJNcBJ1XpERejyL03ObUW+toxUVdqqYjBWp6Se3o7G1eYRV3CwqEYCIAVdr4AJn61RidK9efiLXqRtPQY0tgeA6e5t0mvdqFTam6nXs= solovtsov@my-server\n"
            },
            "metadata_options": [
              {
                "aws_v1_http_endpoint": 1,
                "aws_v1_http_token": 2,
                "gce_http_endpoint": 1,
                "gce_http_token": 1
              }
            ],
            "name": "replica",
            "network_acceleration_type": "standard",
            "network_interface": [
              {
                "dns_record": [],
                "index": 0,
                "ip_address": "10.0.1.8",
                "ipv4": true,
                "ipv6": false,
                "ipv6_address": "",
                "ipv6_dns_record": [],
                "mac_address": "d0:0d:bd:af:83:de",
                "nat": true,
                "nat_dns_record": [],
                "nat_ip_address": "158.160.112.17",
                "nat_ip_version": "IPV4",
                "security_group_ids": [],
                "subnet_id": "e9bgbdqdb4cd84k40ph5"
              }
            ],
            "placement_policy": [
              {
                "host_affinity_rules": [],
                "placement_group_id": ""
              }
            ],
            "platform_id": "standard-v3",
            "resources": [
              {
                "core_fraction": 20,
                "cores": 2,
                "gpus": 0,
                "memory": 2
              }
            ],
            "scheduling_policy": [
              {
                "preemptible": true
              }
            ],
            "secondary_disk": [],
            "service_account_id": "",
            "status": "running",
            "timeouts": null,
            "zone": "ru-central1-a"
          },
          "sensitive_attributes": [],
          "private": "eyJlMmJmYjczMC1lY2FhLTExZTYtOGY4OC0zNDM2M2JjN2M0YzAiOnsiY3JlYXRlIjozMDAwMDAwMDAwMDAsImRlbGV0ZSI6MzAwMDAwMDAwMDAwLCJ1cGRhdGUiOjMwMDAwMDAwMDAwMH0sInNjaGVtYV92ZXJzaW9uIjoiMSJ9",
          "dependencies": [
            "data.yandex_compute_image.ubuntu",
            "yandex_compute_instance.web",
            "yandex_vpc_network.develop",
            "yandex_vpc_security_group.example",
            "yandex_vpc_subnet.develop"
          ]
        }
      ]
    },
    {
      "mode": "managed",
      "type": "yandex_compute_instance",
      "name": "web",
      "provider": "provider[\"registry.terraform.io/yandex-cloud/yandex\"]",
      "instances": [
        {
          "index_key": 0,
          "schema_version": 1,
          "attributes": {
            "allow_recreate": null,
            "allow_stopping_for_update": null,
            "boot_disk": [
              {
                "auto_delete": true,
                "device_name": "fhmb1n6fjak5i1uh58d7",
                "disk_id": "fhmb1n6fjak5i1uh58d7",
                "initialize_params": [
                  {
                    "block_size": 4096,
                    "description": "",
                    "image_id": "fd85f37uh98ldl1omk30",
                    "name": "",
                    "size": 5,
                    "snapshot_id": "",
                    "type": "network-hdd"
                  }
                ],
                "mode": "READ_WRITE"
              }
            ],
            "created_at": "2023-07-23T11:49:19Z",
            "description": "",
            "filesystem": [],
            "folder_id": "b1g2darebgnvgp0sab8t",
            "fqdn": "fhmubjlsi3v4le1gfonl.auto.internal",
            "gpu_cluster_id": "",
            "hostname": "",
            "id": "fhmubjlsi3v4le1gfonl",
            "labels": {},
            "local_disk": [],
            "metadata": {
              "serial-port-enable": "1",
              "ssh-keys": "ubuntu:ssh-rsa AAAAB3NzaC1yc2EAAAADAQABAAABgQDLWkDITleIiS0rcDmnWrpwWJNzb6VTb1OxetLMBREAkz3pKq8sbSB57yFIrcyDXqRF2bDgggS0Lh85YdW76IQgdSdb6Y4NbYCTxaNmzUGE9JCUqj7mt1vdeIjHd2xO+X5460fW9NSqeD8fPOpCbC+r3gPDW1M2Ekdyy/SxoeoFmaqQOInWJthgwaE4M53xVs2XVXaF6SheX+f5A9e43WPMlsuLxQ6CBc+1Up1Z7frwpAPpDfOjc7VmwfuHSWkPMpHMHEET1lvAavc2yXvk5afG70eEEQwdP6ffJ+J71TSqFKxdhWEk+JWujlxE133MTekW3kOw7UbA/mAZDBBbrEfRMVX+NLdZabiMTo8HIj7km5gICueDpbQhozHCco3Uo2cUOh69SVMGbRR9rumMr71Zi/PhcJNcBJ1XpERejyL03ObUW+toxUVdqqYjBWp6Se3o7G1eYRV3CwqEYCIAVdr4AJn61RidK9efiLXqRtPQY0tgeA6e5t0mvdqFTam6nXs= solovtsov@my-server\n"
            },
            "metadata_options": [
              {
                "aws_v1_http_endpoint": 1,
                "aws_v1_http_token": 2,
                "gce_http_endpoint": 1,
                "gce_http_token": 1
              }
            ],
            "name": "web-1",
            "network_acceleration_type": "standard",
            "network_interface": [
              {
                "dns_record": [],
                "index": 0,
                "ip_address": "10.0.1.12",
                "ipv4": true,
                "ipv6": false,
                "ipv6_address": "",
                "ipv6_dns_record": [],
                "mac_address": "d0:0d:1e:5c:eb:c9",
                "nat": true,
                "nat_dns_record": [],
                "nat_ip_address": "158.160.108.22",
                "nat_ip_version": "IPV4",
                "security_group_ids": [
                  "enp7276q1jqpkspje5c6"
                ],
                "subnet_id": "e9bgbdqdb4cd84k40ph5"
              }
            ],
            "placement_policy": [
              {
                "host_affinity_rules": [],
                "placement_group_id": ""
              }
            ],
            "platform_id": "standard-v3",
            "resources": [
              {
                "core_fraction": 20,
                "cores": 2,
                "gpus": 0,
                "memory": 1
              }
            ],
            "scheduling_policy": [
              {
                "preemptible": true
              }
            ],
            "secondary_disk": [],
            "service_account_id": "",
            "status": "running",
            "timeouts": null,
            "zone": "ru-central1-a"
          },
          "sensitive_attributes": [],
          "private": "eyJlMmJmYjczMC1lY2FhLTExZTYtOGY4OC0zNDM2M2JjN2M0YzAiOnsiY3JlYXRlIjozMDAwMDAwMDAwMDAsImRlbGV0ZSI6MzAwMDAwMDAwMDAwLCJ1cGRhdGUiOjMwMDAwMDAwMDAwMH0sInNjaGVtYV92ZXJzaW9uIjoiMSJ9",
          "dependencies": [
            "data.yandex_compute_image.ubuntu",
            "yandex_vpc_network.develop",
            "yandex_vpc_security_group.example",
            "yandex_vpc_subnet.develop"
          ]
        },
        {
          "index_key": 1,
          "schema_version": 1,
          "attributes": {
            "allow_recreate": null,
            "allow_stopping_for_update": null,
            "boot_disk": [
              {
                "auto_delete": true,
                "device_name": "fhmf8k17kpomibr159bt",
                "disk_id": "fhmf8k17kpomibr159bt",
                "initialize_params": [
                  {
                    "block_size": 4096,
                    "description": "",
                    "image_id": "fd85f37uh98ldl1omk30",
                    "name": "",
                    "size": 5,
                    "snapshot_id": "",
                    "type": "network-hdd"
                  }
                ],
                "mode": "READ_WRITE"
              }
            ],
            "created_at": "2023-07-23T11:49:18Z",
            "description": "",
            "filesystem": [],
            "folder_id": "b1g2darebgnvgp0sab8t",
            "fqdn": "fhm119d0ldauiplq1sgc.auto.internal",
            "gpu_cluster_id": "",
            "hostname": "",
            "id": "fhm119d0ldauiplq1sgc",
            "labels": {},
            "local_disk": [],
            "metadata": {
              "serial-port-enable": "1",
              "ssh-keys": "ubuntu:ssh-rsa AAAAB3NzaC1yc2EAAAADAQABAAABgQDLWkDITleIiS0rcDmnWrpwWJNzb6VTb1OxetLMBREAkz3pKq8sbSB57yFIrcyDXqRF2bDgggS0Lh85YdW76IQgdSdb6Y4NbYCTxaNmzUGE9JCUqj7mt1vdeIjHd2xO+X5460fW9NSqeD8fPOpCbC+r3gPDW1M2Ekdyy/SxoeoFmaqQOInWJthgwaE4M53xVs2XVXaF6SheX+f5A9e43WPMlsuLxQ6CBc+1Up1Z7frwpAPpDfOjc7VmwfuHSWkPMpHMHEET1lvAavc2yXvk5afG70eEEQwdP6ffJ+J71TSqFKxdhWEk+JWujlxE133MTekW3kOw7UbA/mAZDBBbrEfRMVX+NLdZabiMTo8HIj7km5gICueDpbQhozHCco3Uo2cUOh69SVMGbRR9rumMr71Zi/PhcJNcBJ1XpERejyL03ObUW+toxUVdqqYjBWp6Se3o7G1eYRV3CwqEYCIAVdr4AJn61RidK9efiLXqRtPQY0tgeA6e5t0mvdqFTam6nXs= solovtsov@my-server\n"
            },
            "metadata_options": [
              {
                "aws_v1_http_endpoint": 1,
                "aws_v1_http_token": 2,
                "gce_http_endpoint": 1,
                "gce_http_token": 1
              }
            ],
            "name": "web-2",
            "network_acceleration_type": "standard",
            "network_interface": [
              {
                "dns_record": [],
                "index": 0,
                "ip_address": "10.0.1.34",
                "ipv4": true,
                "ipv6": false,
                "ipv6_address": "",
                "ipv6_dns_record": [],
                "mac_address": "d0:0d:10:a5:a0:ab",
                "nat": true,
                "nat_dns_record": [],
                "nat_ip_address": "158.160.113.178",
                "nat_ip_version": "IPV4",
                "security_group_ids": [
                  "enp7276q1jqpkspje5c6"
                ],
                "subnet_id": "e9bgbdqdb4cd84k40ph5"
              }
            ],
            "placement_policy": [
              {
                "host_affinity_rules": [],
                "placement_group_id": ""
              }
            ],
            "platform_id": "standard-v3",
            "resources": [
              {
                "core_fraction": 20,
                "cores": 2,
                "gpus": 0,
                "memory": 1
              }
            ],
            "scheduling_policy": [
              {
                "preemptible": true
              }
            ],
            "secondary_disk": [],
            "service_account_id": "",
            "status": "running",
            "timeouts": null,
            "zone": "ru-central1-a"
          },
          "sensitive_attributes": [],
          "private": "eyJlMmJmYjczMC1lY2FhLTExZTYtOGY4OC0zNDM2M2JjN2M0YzAiOnsiY3JlYXRlIjozMDAwMDAwMDAwMDAsImRlbGV0ZSI6MzAwMDAwMDAwMDAwLCJ1cGRhdGUiOjMwMDAwMDAwMDAwMH0sInNjaGVtYV92ZXJzaW9uIjoiMSJ9",
          "dependencies": [
            "data.yandex_compute_image.ubuntu",
            "yandex_vpc_network.develop",
            "yandex_vpc_security_group.example",
            "yandex_vpc_subnet.develop"
          ]
        }
      ]
    },
    {
      "mode": "managed",
      "type": "yandex_vpc_network",
      "name": "develop",
      "provider": "provider[\"registry.terraform.io/yandex-cloud/yandex\"]",
      "instances": [
        {
          "schema_version": 0,
          "attributes": {
            "created_at": "2023-07-23T11:49:16Z",
            "default_security_group_id": "",
            "description": "",
            "folder_id": "b1g2darebgnvgp0sab8t",
            "id": "enpas1fqnbdhlbs7mtkn",
            "labels": {},
            "name": "develop",
            "subnet_ids": [
              "e9bgbdqdb4cd84k40ph5"
            ],
            "timeouts": null
          },
          "sensitive_attributes": [],
          "private": "eyJlMmJmYjczMC1lY2FhLTExZTYtOGY4OC0zNDM2M2JjN2M0YzAiOnsiY3JlYXRlIjo2MDAwMDAwMDAwMCwiZGVsZXRlIjo2MDAwMDAwMDAwMCwidXBkYXRlIjo2MDAwMDAwMDAwMH19"
        }
      ]
    },
    {
      "mode": "managed",
      "type": "yandex_vpc_security_group",
      "name": "example",
      "provider": "provider[\"registry.terraform.io/yandex-cloud/yandex\"]",
      "instances": [
        {
          "schema_version": 0,
          "attributes": {
            "created_at": "2023-07-23T11:49:17Z",
            "description": "",
            "egress": [
              {
                "description": "разрешить весь исходящий трафик",
                "from_port": 0,
                "id": "enp8uea9i6j6herduuj6",
                "labels": {},
                "port": -1,
                "predefined_target": "",
                "protocol": "TCP",
                "security_group_id": "",
                "to_port": 65365,
                "v4_cidr_blocks": [
                  "0.0.0.0/0"
                ],
                "v6_cidr_blocks": []
              }
            ],
            "folder_id": "b1g2darebgnvgp0sab8t",
            "id": "enp7276q1jqpkspje5c6",
            "ingress": [
              {
                "description": "разрешить входящий  http",
                "from_port": -1,
                "id": "enpfststep3ev5cnqm1b",
                "labels": {},
                "port": 80,
                "predefined_target": "",
                "protocol": "TCP",
                "security_group_id": "",
                "to_port": -1,
                "v4_cidr_blocks": [
                  "0.0.0.0/0"
                ],
                "v6_cidr_blocks": []
              },
              {
                "description": "разрешить входящий https",
                "from_port": -1,
                "id": "enpcipfj13ugug0ojdjd",
                "labels": {},
                "port": 443,
                "predefined_target": "",
                "protocol": "TCP",
                "security_group_id": "",
                "to_port": -1,
                "v4_cidr_blocks": [
                  "0.0.0.0/0"
                ],
                "v6_cidr_blocks": []
              },
              {
                "description": "разрешить входящий ssh",
                "from_port": -1,
                "id": "enpmiieod46uv9mrsmkm",
                "labels": {},
                "port": 22,
                "predefined_target": "",
                "protocol": "TCP",
                "security_group_id": "",
                "to_port": -1,
                "v4_cidr_blocks": [
                  "0.0.0.0/0"
                ],
                "v6_cidr_blocks": []
              }
            ],
            "labels": {},
            "name": "example_dynamic",
            "network_id": "enpas1fqnbdhlbs7mtkn",
            "status": "ACTIVE",
            "timeouts": null
          },
          "sensitive_attributes": [],
          "private": "eyJlMmJmYjczMC1lY2FhLTExZTYtOGY4OC0zNDM2M2JjN2M0YzAiOnsiY3JlYXRlIjoxODAwMDAwMDAwMDAsImRlbGV0ZSI6MTgwMDAwMDAwMDAwLCJ1cGRhdGUiOjE4MDAwMDAwMDAwMH19",
          "dependencies": [
            "yandex_vpc_network.develop"
          ]
        }
      ]
    },
    {
      "mode": "managed",
      "type": "yandex_vpc_subnet",
      "name": "develop",
      "provider": "provider[\"registry.terraform.io/yandex-cloud/yandex\"]",
      "instances": [
        {
          "schema_version": 0,
          "attributes": {
            "created_at": "2023-07-23T11:49:16Z",
            "description": "",
            "dhcp_options": [],
            "folder_id": "b1g2darebgnvgp0sab8t",
            "id": "e9bgbdqdb4cd84k40ph5",
            "labels": {},
            "name": "develop",
            "network_id": "enpas1fqnbdhlbs7mtkn",
            "route_table_id": "",
            "timeouts": null,
            "v4_cidr_blocks": [
              "10.0.1.0/24"
            ],
            "v6_cidr_blocks": [],
            "zone": "ru-central1-a"
          },
          "sensitive_attributes": [],
          "private": "eyJlMmJmYjczMC1lY2FhLTExZTYtOGY4OC0zNDM2M2JjN2M0YzAiOnsiY3JlYXRlIjoxODAwMDAwMDAwMDAsImRlbGV0ZSI6MTgwMDAwMDAwMDAwLCJ1cGRhdGUiOjE4MDAwMDAwMDAwMH19",
          "dependencies": [
            "yandex_vpc_network.develop"
          ]
        }
      ]
    }
  ],
  "check_results": null
}
